{
  "name": "storefront-read",
  "version": "1.0.0",
  "lockfileVersion": 3,
  "requires": true,
  "packages": {
    "": {
      "name": "storefront-read",
      "version": "1.0.0",
      "license": "MIT",
      "dependencies": {
        "@atomichub/atomicmarket": "2.4.1"
      },
      "engines": {
        "node": ">=20"
      }
    },
    "node_modules/@atomichub/atomicassets": {
      "version": "2.1.1",
      "resolved": "https://registry.npmjs.org/@atomichub/atomicassets/-/atomicassets-2.1.1.tgz",
      "integrity": "sha512-2H+6kNUP1aU6lkqmCln00bsRR+Ej9uPxWL6vEzA47coEI06tMnHuewQM345W+XXgud/igb+M/jxMkDnDbWV0kg==",
      "license": "MIT",
      "engines": {
        "node": ">=20"
      }
    },
    "node_modules/@atomichub/atomicmarket": {
      "version": "2.4.1",
      "resolved": "https://registry.npmjs.org/@atomichub/atomicmarket/-/atomicmarket-2.4.1.tgz",
      "integrity": "sha512-RnDfu4AmGMzQdOP/CoXcpX56vjNoZEbjbIICjabKloZH6o6xLLjwudk6VL9RleeHiY0i4TYeIJx8HVRriG16GA==",
      "license": "MIT",
      "dependencies": {
        "@atomichub/atomicassets": "^2.0.0"
      },
      "engines": {
        "node": ">=20"
      }
    }
  }
}
