{
  "name": "read-assets",
  "version": "1.0.0",
  "lockfileVersion": 3,
  "requires": true,
  "packages": {
    "": {
      "name": "read-assets",
      "version": "1.0.0",
      "license": "MIT",
      "dependencies": {
        "@atomichub/atomicassets": "2.1.1"
      },
      "engines": {
        "node": ">=20"
      }
    },
    "node_modules/@atomichub/atomicassets": {
      "version": "2.1.1",
      "resolved": "https://registry.npmjs.org/@atomichub/atomicassets/-/atomicassets-2.1.1.tgz",
      "integrity": "sha512-2H+6kNUP1aU6lkqmCln00bsRR+Ej9uPxWL6vEzA47coEI06tMnHuewQM345W+XXgud/igb+M/jxMkDnDbWV0kg==",
      "license": "MIT",
      "engines": {
        "node": ">=20"
      }
    }
  }
}
